<?xml version="1.0" encoding="utf-8"?>
<Project ToolsVersion="4.0" xmlns="http://schemas.microsoft.com/developer/msbuild/2003">
  <ItemGroup>
    <Filter Include="Source Files">
      <UniqueIdentifier>{4FC737F1-C7A5-4376-A066-2A32D752A2FF}</UniqueIdentifier>
      <Extensions>qml;cpp;c;cc;cxx;def;odl;idl;hpj;bat;asm;asmx</Extensions>
    </Filter>
    <Filter Include="Resource Files">
      <UniqueIdentifier>{67DA6AB6-F800-4c08-8B7A-83BB121AAD01}</UniqueIdentifier>
      <Extensions>qrc;rc;ico;cur;bmp;dlg;rc2;rct;bin;rgs;gif;jpg;jpeg;jpe;resx;tiff;tif;png;wav;mfcribbon-ms</Extensions>
    </Filter>
    <Filter Include="Source Files\UI">
      <UniqueIdentifier>{cedaca5c-6cb3-4b59-abb3-9f4cb82ca02c}</UniqueIdentifier>
    </Filter>
    <Filter Include="Resource Files\Forms">
      <UniqueIdentifier>{22b38193-ce89-4c0f-aebe-0198081d9b0f}</UniqueIdentifier>
    </Filter>
    <Filter Include="Resource Files\Qrc">
      <UniqueIdentifier>{8d0b22de-e67d-41d5-9519-328df2fc87ac}</UniqueIdentifier>
    </Filter>
    <Filter Include="Source Files\Utility">
      <UniqueIdentifier>{66d62e2d-d65c-4fe0-9884-c12936f17472}</UniqueIdentifier>
    </Filter>
    <Filter Include="Source Files\Interface">
      <UniqueIdentifier>{4c4208e3-998e-40c1-ae2d-febd6f0153f6}</UniqueIdentifier>
    </Filter>
    <Filter Include="Source Files\Base">
      <UniqueIdentifier>{f002b6f5-d04f-49ec-972e-2c62768b3d49}</UniqueIdentifier>
    </Filter>
    <Filter Include="Source Files\Core">
      <UniqueIdentifier>{ba59ed64-680d-461c-aeb1-ff8e46e92e02}</UniqueIdentifier>
    </Filter>
    <Filter Include="Source Files\Base\Logger">
      <UniqueIdentifier>{4518bae6-2d18-4e1f-9cd5-90d9b8d9f892}</UniqueIdentifier>
    </Filter>
    <Filter Include="Source Files\Const">
      <UniqueIdentifier>{96763d1a-c16c-4459-b92d-7ac5e716772d}</UniqueIdentifier>
    </Filter>
    <Filter Include="Source Files\UI\Common">
      <UniqueIdentifier>{667994c0-4fcc-481a-8714-36a681c4e50c}</UniqueIdentifier>
    </Filter>
    <Filter Include="Source Files\UI\Helper">
      <UniqueIdentifier>{79128aca-6f5b-4356-ba66-95afbc6982f7}</UniqueIdentifier>
    </Filter>
    <Filter Include="Source Files\Model">
      <UniqueIdentifier>{b0d6d2f1-edb6-4854-ac81-5c293b613944}</UniqueIdentifier>
    </Filter>
    <Filter Include="Source Files\Collections">
      <UniqueIdentifier>{e3995a94-1716-4e46-8f96-1662bc42687c}</UniqueIdentifier>
    </Filter>
  </ItemGroup>
  <ItemGroup>
    <ClCompile Include="Sources\main.cpp">
      <Filter>Source Files</Filter>
    </ClCompile>
    <ClCompile Include="Sources\UI\ConnectDialog.cpp">
      <Filter>Source Files\UI</Filter>
    </ClCompile>
    <ClCompile Include="Sources\UI\MainWindow.cpp">
      <Filter>Source Files\UI</Filter>
    </ClCompile>
    <ClCompile Include="Sources\Core\Application.cpp">
      <Filter>Source Files\Core</Filter>
    </ClCompile>
    <ClCompile Include="Sources\Core\MessageWrapper.cpp">
      <Filter>Source Files\Core</Filter>
    </ClCompile>
    <ClCompile Include="Sources\Utility\PathUtil.cpp">
      <Filter>Source Files\Utility</Filter>
    </ClCompile>
    <ClCompile Include="Sources\Base\Logger\ConsoleLogger.cpp">
      <Filter>Source Files\Base\Logger</Filter>
    </ClCompile>
    <ClCompile Include="Sources\UI\Common\QGifImage.cpp">
      <Filter>Source Files\UI\Common</Filter>
    </ClCompile>
    <ClCompile Include="Sources\UI\SystemTrayIcon.cpp">
      <Filter>Source Files\UI</Filter>
    </ClCompile>
    <ClCompile Include="Sources\UI\Helper\MenuHelper.cpp">
      <Filter>Source Files\UI\Helper</Filter>
    </ClCompile>
    <ClCompile Include="Sources\Collections\QuotePriceSegmentTree.cpp">
      <Filter>Source Files\Collections</Filter>
    </ClCompile>
  </ItemGroup>
  <ItemGroup>
    <ClInclude Include="Sources\Core\Application.h">
      <Filter>Source Files\Core</Filter>
    </ClInclude>
    <ClInclude Include="Sources\Utility\MemoryUtil.h">
      <Filter>Source Files\Utility</Filter>
    </ClInclude>
    <ClInclude Include="Sources\Core\MessageWrapper.h">
      <Filter>Source Files\Core</Filter>
    </ClInclude>
    <ClInclude Include="Sources\Utility\PathUtil.h">
      <Filter>Source Files\Utility</Filter>
    </ClInclude>
    <ClInclude Include="Sources\Interface\ISerializable.h">
      <Filter>Source Files\Interface</Filter>
    </ClInclude>
    <ClInclude Include="Sources\Base\Singleton.h">
      <Filter>Source Files\Base</Filter>
    </ClInclude>
    <ClInclude Include="Sources\Interface\ILogger.h">
      <Filter>Source Files\Interface</Filter>
    </ClInclude>
    <ClInclude Include="Sources\Base\Logger\ConsoleLogger.h">
      <Filter>Source Files\Base\Logger</Filter>
    </ClInclude>
    <ClInclude Include="Sources\Const\LogLevel.h">
      <Filter>Source Files\Const</Filter>
    </ClInclude>
    <ClInclude Include="Sources\Base\ClassInitializer.h">
      <Filter>Source Files\Base</Filter>
    </ClInclude>
    <ClInclude Include="Sources\Base\Delegate.h">
      <Filter>Source Files\Base</Filter>
    </ClInclude>
    <ClInclude Include="Sources\Utility\StringUtil.h">
      <Filter>Source Files\Utility</Filter>
    </ClInclude>
    <ClInclude Include="Sources\UI\SystemTrayIcon.h">
      <Filter>Source Files\UI</Filter>
    </ClInclude>
    <ClInclude Include="Sources\UI\Helper\MenuHelper.h">
      <Filter>Source Files\UI\Helper</Filter>
    </ClInclude>
    <ClInclude Include="Sources\Base\EventManager.h">
      <Filter>Source Files\Base</Filter>
    </ClInclude>
    <ClInclude Include="Sources\Const\EventType.h">
      <Filter>Source Files\Const</Filter>
    </ClInclude>
    <ClInclude Include="Sources\Model\QuoteDataDef.h">
      <Filter>Source Files\Model</Filter>
    </ClInclude>
    <ClInclude Include="Sources\Collections\QuotePriceSegmentTree.h">
      <Filter>Source Files\Collections</Filter>
    </ClInclude>
  </ItemGroup>
  <ItemGroup>
    <QtUic Include="Resource\Forms\ConnectDialog.ui">
      <Filter>Resource Files\Forms</Filter>
    </QtUic>
    <QtUic Include="Resource\Forms\MainWindow.ui">
      <Filter>Resource Files\Forms</Filter>
    </QtUic>
  </ItemGroup>
  <ItemGroup>
    <QtRcc Include="Resource\Qrc\Resources.qrc">
      <Filter>Resource Files\Qrc</Filter>
    </QtRcc>
  </ItemGroup>
  <ItemGroup>
    <QtMoc Include="Sources\UI\ConnectDialog.h">
      <Filter>Source Files\UI</Filter>
    </QtMoc>
    <QtMoc Include="Sources\UI\MainWindow.h">
      <Filter>Source Files\UI</Filter>
    </QtMoc>
    <QtMoc Include="Sources\UI\Common\QGifImage.h">
      <Filter>Source Files\UI\Common</Filter>
    </QtMoc>
  </ItemGroup>
</Project>